
Microsoft Visual Studio Solution File, Format Version 12.00
# Visual Studio Version 17
VisualStudioVersion = 17.7.34031.279
MinimumVisualStudioVersion = 10.0.40219.1
Project("{FAE04EC0-301F-11D3-BF4B-00C04F79EFBC}") = "demonstracao_01", "demonstracao_01\demonstracao_01.csproj", "{B6092660-5FD4-4BA4-B4D7-A6510F6C860A}"
EndProject
Global
	GlobalSection(SolutionConfigurationPlatforms) = preSolution
		Debug|Any CPU = Debug|Any CPU
		Release|Any CPU = Release|Any CPU
	EndGlobalSection
	GlobalSection(ProjectConfigurationPlatforms) = postSolution
		{B6092660-5FD4-4BA4-B4D7-A6510F6C860A}.Debug|Any CPU.ActiveCfg = Debug|Any CPU
		{B6092660-5FD4-4BA4-B4D7-A6510F6C860A}.Debug|Any CPU.Build.0 = Debug|Any CPU
		{B6092660-5FD4-4BA4-B4D7-A6510F6C860A}.Release|Any CPU.ActiveCfg = Release|Any CPU
		{B6092660-5FD4-4BA4-B4D7-A6510F6C860A}.Release|Any CPU.Build.0 = Release|Any CPU
	EndGlobalSection
	GlobalSection(SolutionProperties) = preSolution
		HideSolutionNode = FALSE
	EndGlobalSection
	GlobalSection(ExtensibilityGlobals) = postSolution
		SolutionGuid = {5472773F-789A-4982-AF8A-11346EC1AE97}
	EndGlobalSection
EndGlobal
